// !$*UTF8*$!
{
	archiveVersion = 1;
	classes = {
	};
	objectVersion = 48;
	objects = {

/* Begin PBXBuildFile section */
		DD934EDB2079D6B300A24928 /* AppDelegate.swift in Sources */ = {isa = PBXBuildFile; fileRef = DD934EDA2079D6B300A24928 /* AppDelegate.swift */; };
		DD934EDD2079D6B300A24928 /* ViewController.swift in Sources */ = {isa = PBXBuildFile; fileRef = DD934EDC2079D6B300A24928 /* ViewController.swift */; };
		DD934EE02079D6B300A24928 /* Main.storyboard in Resources */ = {isa = PBXBuildFile; fileRef = DD934EDE2079D6B300A24928 /* Main.storyboard */; };
		DD934EE22079D6B300A24928 /* Assets.xcassets in Resources */ = {isa = PBXBuildFile; fileRef = DD934EE12079D6B300A24928 /* Assets.xcassets */; };
		DD934EE52079D6B300A24928 /* LaunchScreen.storyboard in Resources */ = {isa = PBXBuildFile; fileRef = DD934EE32079D6B300A24928 /* LaunchScreen.storyboard */; };
		DD934EF02079D6B300A24928 /* RestfullTests.swift in Sources */ = {isa = PBXBuildFile; fileRef = DD934EEF2079D6B300A24928 /* RestfullTests.swift */; };
/* End PBXBuildFile section */

/* Begin PBXContainerItemProxy section */
		DD934EEC2079D6B300A24928 /* PBXContainerItemProxy */ = {
			isa = PBXContainerItemProxy;
			containerPortal = DD934ECF2079D6B300A24928 /* Project object */;
			proxyType = 1;
			remoteGlobalIDString = DD934ED62079D6B300A24928;
			remoteInfo = Restfull;
		};
/* End PBXContainerItemProxy section */

/* Begin PBXFileReference section */
		DD934ED72079D6B300A24928 /* Restfull.app */ = {isa = PBXFileReference; explicitFileType = wrapper.application; includeInIndex = 0; path = Restfull.app; sourceTree = BUILT_PRODUCTS_DIR; };
		DD934EDA2079D6B300A24928 /* AppDelegate.swift */ = {isa = PBXFileReference; lastKnownFileType = sourcecode.swift; path = AppDelegate.swift; sourceTree = "<group>"; };
		DD934EDC2079D6B300A24928 /* ViewController.swift */ = {isa = PBXFileReference; lastKnownFileType = sourcecode.swift; path = ViewController.swift; sourceTree = "<group>"; };
		DD934EDF2079D6B300A24928 /* Base */ = {isa = PBXFileReference; lastKnownFileType = file.storyboard; name = Base; path = Base.lproj/Main.storyboard; sourceTree = "<group>"; };
		DD934EE12079D6B300A24928 /* Assets.xcassets */ = {isa = PBXFileReference; lastKnownFileType = folder.assetcatalog; path = Assets.xcassets; sourceTree = "<group>"; };
		DD934EE42079D6B300A24928 /* Base */ = {isa = PBXFileReference; lastKnownFileType = file.storyboard; name = Base; path = Base.lproj/LaunchScreen.storyboard; sourceTree = "<group>"; };
		DD934EE62079D6B300A24928 /* Info.plist */ = {isa = PBXFileReference; lastKnownFileType = text.plist.xml; path = Info.plist; sourceTree = "<group>"; };
		DD934EEB2079D6B300A24928 /* RestfullTests.xctest */ = {isa = PBXFileReference; explicitFileType = wrapper.cfbundle; includeInIndex = 0; path = RestfullTests.xctest; sourceTree = BUILT_PRODUCTS_DIR; };
		DD934EEF2079D6B300A24928 /* RestfullTests.swift */ = {isa = PBXFileReference; lastKnownFileType = sourcecode.swift; path = RestfullTests.swift; sourceTree = "<group>"; };
		DD934EF12079D6B300A24928 /* Info.plist */ = {isa = PBXFileReference; lastKnownFileType = text.plist.xml; path = Info.plist; sourceTree = "<group>"; };
/* End PBXFileReference section */

/* Begin PBXFrameworksBuildPhase section */
		DD934ED42079D6B300A24928 /* Frameworks */ = {
			isa = PBXFrameworksBuildPhase;
			buildActionMask = 2147483647;
			files = (
			);
			runOnlyForDeploymentPostprocessing = 0;
		};
		DD934EE82079D6B300A24928 /* Frameworks */ = {
			isa = PBXFrameworksBuildPhase;
			buildActionMask = 2147483647;
			files = (
			);
			runOnlyForDeploymentPostprocessing = 0;
		};
/* End PBXFrameworksBuildPhase section */

/* Begin PBXGroup section */
		DD934ECE2079D6B300A24928 = {
			isa = PBXGroup;
			children = (
				DD934ED92079D6B300A24928 /* Restfull */,
				DD934EEE2079D6B300A24928 /* RestfullTests */,
				DD934ED82079D6B300A24928 /* Products */,
			);
			sourceTree = "<group>";
		};
		DD934ED82079D6B300A24928 /* Products */ = {
			isa = PBXGroup;
			children = (
				DD934ED72079D6B300A24928 /* Restfull.app */,
				DD934EEB2079D6B300A24928 /* RestfullTests.xctest */,
			);
			name = Products;
			sourceTree = "<group>";
		};
		DD934ED92079D6B300A24928 /* Restfull */ = {
			isa = PBXGroup;
			children = (
				DD934EDA2079D6B300A24928 /* AppDelegate.swift */,
				DD934EDC2079D6B300A24928 /* ViewController.swift */,
				DD934EDE2079D6B300A24928 /* Main.storyboard */,
				DD934EE12079D6B300A24928 /* Assets.xcassets */,
				DD934EE32079D6B300A24928 /* LaunchScreen.storyboard */,
				DD934EE62079D6B300A24928 /* Info.plist */,
			);
			path = Restfull;
			sourceTree = "<group>";
		};
		DD934EEE2079D6B300A24928 /* RestfullTests */ = {
			isa = PBXGroup;
			children = (
				DD934EEF2079D6B300A24928 /* RestfullTests.swift */,
				DD934EF12079D6B300A24928 /* Info.plist */,
			);
			path = RestfullTests;
			sourceTree = "<group>";
		};
/* End PBXGroup section */

/* Begin PBXNativeTarget section */
		DD934ED62079D6B300A24928 /* Restfull */ = {
			isa = PBXNativeTarget;
			buildConfigurationList = DD934EF42079D6B300A24928 /* Build configuration list for PBXNativeTarget "Restfull" */;
			buildPhases = (
				DD934ED32079D6B300A24928 /* Sources */,
				DD934ED42079D6B300A24928 /* Frameworks */,
				DD934ED52079D6B300A24928 /* Resources */,
			);
			buildRules = (
			);
			dependencies = (
			);
			name = Restfull;
			productName = Restfull;
			productReference = DD934ED72079D6B300A24928 /* Restfull.app */;
			productType = "com.apple.product-type.application";
		};
		DD934EEA2079D6B300A24928 /* RestfullTests */ = {
			isa = PBXNativeTarget;
			buildConfigurationList = DD934EF72079D6B300A24928 /* Build configuration list for PBXNativeTarget "RestfullTests" */;
			buildPhases = (
				DD934EE72079D6B300A24928 /* Sources */,
				DD934EE82079D6B300A24928 /* Frameworks */,
				DD934EE92079D6B300A24928 /* Resources */,
			);
			buildRules = (
			);
			dependencies = (
				DD934EED2079D6B300A24928 /* PBXTargetDependency */,
			);
			name = RestfullTests;
			productName = RestfullTests;
			productReference = DD934EEB2079D6B300A24928 /* RestfullTests.xctest */;
			productType = "com.apple.product-type.bundle.unit-test";
		};
/* End PBXNativeTarget section */

/* Begin PBXProject section */
		DD934ECF2079D6B300A24928 /* Project object */ = {
			isa = PBXProject;
			attributes = {
				LastSwiftUpdateCheck = 0920;
				LastUpgradeCheck = 0920;
				ORGANIZATIONNAME = "Thien Le quang";
				TargetAttributes = {
					DD934ED62079D6B300A24928 = {
						CreatedOnToolsVersion = 9.2;
						ProvisioningStyle = Automatic;
					};
					DD934EEA2079D6B300A24928 = {
						CreatedOnToolsVersion = 9.2;
						ProvisioningStyle = Automatic;
						TestTargetID = DD934ED62079D6B300A24928;
					};
				};
			};
			buildConfigurationList = DD934ED22079D6B300A24928 /* Build configuration list for PBXProject "Restfull" */;
			compatibilityVersion = "Xcode 8.0";
			developmentRegion = en;
			hasScannedForEncodings = 0;
			knownRegions = (
				en,
				Base,
			);
			mainGroup = DD934ECE2079D6B300A24928;
			productRefGroup = DD934ED82079D6B300A24928 /* Products */;
			projectDirPath = "";
			projectRoot = "";
			targets = (
				DD934ED62079D6B300A24928 /* Restfull */,
				DD934EEA2079D6B300A24928 /* RestfullTests */,
			);
		};
/* End PBXProject section */

/* Begin PBXResourcesBuildPhase section */
		DD934ED52079D6B300A24928 /* Resources */ = {
			isa = PBXResourcesBuildPhase;
			buildActionMask = 2147483647;
			files = (
				DD934EE52079D6B300A24928 /* LaunchScreen.storyboard in Resources */,
				DD934EE22079D6B300A24928 /* Assets.xcassets in Resources */,
				DD934EE02079D6B300A24928 /* Main.storyboard in Resources */,
			);
			runOnlyForDeploymentPostprocessing = 0;
		};
		DD934EE92079D6B300A24928 /* Resources */ = {
			isa = PBXResourcesBuildPhase;
			buildActionMask = 2147483647;
			files = (
			);
			runOnlyForDeploymentPostprocessing = 0;
		};
/* End PBXResourcesBuildPhase section */

/* Begin PBXSourcesBuildPhase section */
		DD934ED32079D6B300A24928 /* Sources */ = {
			isa = PBXSourcesBuildPhase;
			buildActionMask = 2147483647;
			files = (
				DD934EDD2079D6B300A24928 /* ViewController.swift in Sources */,
				DD934EDB2079D6B300A24928 /* AppDelegate.swift in Sources */,
			);
			runOnlyForDeploymentPostprocessing = 0;
		};
		DD934EE72079D6B300A24928 /* Sources */ = {
			isa = PBXSourcesBuildPhase;
			buildActionMask = 2147483647;
			files = (
				DD934EF02079D6B300A24928 /* RestfullTests.swift in Sources */,
			);
			runOnlyForDeploymentPostprocessing = 0;
		};
/* End PBXSourcesBuildPhase section */

/* Begin PBXTargetDependency section */
		DD934EED2079D6B300A24928 /* PBXTargetDependency */ = {
			isa = PBXTargetDependency;
			target = DD934ED62079D6B300A24928 /* Restfull */;
			targetProxy = DD934EEC2079D6B300A24928 /* PBXContainerItemProxy */;
		};
/* End PBXTargetDependency section */

/* Begin PBXVariantGroup section */
		DD934EDE2079D6B300A24928 /* Main.storyboard */ = {
			isa = PBXVariantGroup;
			children = (
				DD934EDF2079D6B300A24928 /* Base */,
			);
			name = Main.storyboard;
			sourceTree = "<group>";
		};
		DD934EE32079D6B300A24928 /* LaunchScreen.storyboard */ = {
			isa = PBXVariantGroup;
			children = (
				DD934EE42079D6B300A24928 /* Base */,
			);
			name = LaunchScreen.storyboard;
			sourceTree = "<group>";
		};
/* End PBXVariantGroup section */

/* Begin XCBuildConfiguration section */
		DD934EF22079D6B300A24928 /* Debug */ = {
			isa = XCBuildConfiguration;
			buildSettings = {
				ALWAYS_SEARCH_USER_PATHS = NO;
				CLANG_ANALYZER_NONNULL = YES;
				CLANG_ANALYZER_NUMBER_OBJECT_CONVERSION = YES_AGGRESSIVE;
				CLANG_CXX_LANGUAGE_STANDARD = "gnu++14";
				CLANG_CXX_LIBRARY = "libc++";
				CLANG_ENABLE_MODULES = YES;
				CLANG_ENABLE_OBJC_ARC = YES;
				CLANG_WARN_BLOCK_CAPTURE_AUTORELEASING = YES;
				CLANG_WARN_BOOL_CONVERSION = YES;
				CLANG_WARN_COMMA = YES;
				CLANG_WARN_CONSTANT_CONVERSION = YES;
				CLANG_WARN_DIRECT_OBJC_ISA_USAGE = YES_ERROR;
				CLANG_WARN_DOCUMENTATION_COMMENTS = YES;
				CLANG_WARN_EMPTY_BODY = YES;
				CLANG_WARN_ENUM_CONVERSION = YES;
				CLANG_WARN_INFINITE_RECURSION = YES;
				CLANG_WARN_INT_CONVERSION = YES;
				CLANG_WARN_NON_LITERAL_NULL_CONVERSION = YES;
				CLANG_WARN_OBJC_LITERAL_CONVERSION = YES;
				CLANG_WARN_OBJC_ROOT_CLASS = YES_ERROR;
				CLANG_WARN_RANGE_LOOP_ANALYSIS = YES;
				CLANG_WARN_STRICT_PROTOTYPES = YES;
				CLANG_WARN_SUSPICIOUS_MOVE = YES;
				CLANG_WARN_UNGUARDED_AVAILABILITY = YES_AGGRESSIVE;
				CLANG_WARN_UNREACHABLE_CODE = YES;
				CLANG_WARN__DUPLICATE_METHOD_MATCH = YES;
				CODE_SIGN_IDENTITY = "iPhone Developer";
				COPY_PHASE_STRIP = NO;
				DEBUG_INFORMATION_FORMAT = dwarf;
				ENABLE_STRICT_OBJC_MSGSEND = YES;
				ENABLE_TESTABILITY = YES;
				GCC_C_LANGUAGE_STANDARD = gnu11;
				GCC_DYNAMIC_NO_PIC = NO;
				GCC_NO_COMMON_BLOCKS = YES;
				GCC_OPTIMIZATION_LEVEL = 0;
				GCC_PREPROCESSOR_DEFINITIONS = (
					"DEBUG=1",
					"$(inherited)",
				);
				GCC_WARN_64_TO_32_BIT_CONVERSION = YES;
				GCC_WARN_ABOUT_RETURN_TYPE = YES_ERROR;
				GCC_WARN_UNDECLARED_SELECTOR = YES;
				GCC_WARN_UNINITIALIZED_AUTOS = YES_AGGRESSIVE;
				GCC_WARN_UNUSED_FUNCTION = YES;
				GCC_WARN_UNUSED_VARIABLE = YES;
				IPHONEOS_DEPLOYMENT_TARGET = 11.2;
				MTL_ENABLE_DEBUG_INFO = YES;
				ONLY_ACTIVE_ARCH = YES;
				SDKROOT = iphoneos;
				SWIFT_ACTIVE_COMPILATION_CONDITIONS = DEBUG;
				SWIFT_OPTIMIZATION_LEVEL = "-Onone";
			};
			name = Debug;
		};
		DD934EF32079D6B300A24928 /* Release */ = {
			isa = XCBuildConfiguration;
			buildSettings = {
				ALWAYS_SEARCH_USER_PATHS = NO;
				CLANG_ANALYZER_NONNULL = YES;
				CLANG_ANALYZER_NUMBER_OBJECT_CONVERSION = YES_AGGRESSIVE;
				CLANG_CXX_LANGUAGE_STANDARD = "gnu++14";
				CLANG_CXX_LIBRARY = "libc++";
				CLANG_ENABLE_MODULES = YES;
				CLANG_ENABLE_OBJC_ARC = YES;
				CLANG_WARN_BLOCK_CAPTURE_AUTORELEASING = YES;
				CLANG_WARN_BOOL_CONVERSION = YES;
				CLANG_WARN_COMMA = YES;
				CLANG_WARN_CONSTANT_CONVERSION = YES;
				CLANG_WARN_DIRECT_OBJC_ISA_USAGE = YES_ERROR;
				CLANG_WARN_DOCUMENTATION_COMMENTS = YES;
				CLANG_WARN_EMPTY_BODY = YES;
				CLANG_WARN_ENUM_CONVERSION = YES;
				CLANG_WARN_INFINITE_RECURSION = YES;
				CLANG_WARN_INT_CONVERSION = YES;
				CLANG_WARN_NON_LITERAL_NULL_CONVERSION = YES;
				CLANG_WARN_OBJC_LITERAL_CONVERSION = YES;
				CLANG_WARN_OBJC_ROOT_CLASS = YES_ERROR;
				CLANG_WARN_RANGE_LOOP_ANALYSIS = YES;
				CLANG_WARN_STRICT_PROTOTYPES = YES;
				CLANG_WARN_SUSPICIOUS_MOVE = YES;
				CLANG_WARN_UNGUARDED_AVAILABILITY = YES_AGGRESSIVE;
				CLANG_WARN_UNREACHABLE_CODE = YES;
				CLANG_WARN__DUPLICATE_METHOD_MATCH = YES;
				CODE_SIGN_IDENTITY = "iPhone Developer";
				COPY_PHASE_STRIP = NO;
				DEBUG_INFORMATION_FORMAT = "dwarf-with-dsym";
				ENABLE_NS_ASSERTIONS = NO;
				ENABLE_STRICT_OBJC_MSGSEND = YES;
				GCC_C_LANGUAGE_STANDARD = gnu11;
				GCC_NO_COMMON_BLOCKS = YES;
				GCC_WARN_64_TO_32_BIT_CONVERSION = YES;
				GCC_WARN_ABOUT_RETURN_TYPE = YES_ERROR;
				GCC_WARN_UNDECLARED_SELECTOR = YES;
				GCC_WARN_UNINITIALIZED_AUTOS = YES_AGGRESSIVE;
				GCC_WARN_UNUSED_FUNCTION = YES;
				GCC_WARN_UNUSED_VARIABLE = YES;
				IPHONEOS_DEPLOYMENT_TARGET = 11.2;
				MTL_ENABLE_DEBUG_INFO = NO;
				SDKROOT = iphoneos;
				SWIFT_OPTIMIZATION_LEVEL = "-Owholemodule";
				VALIDATE_PRODUCT = YES;
			};
			name = Release;
		};
		DD934EF52079D6B300A24928 /* Debug */ = {
			isa = XCBuildConfiguration;
			buildSettings = {
				ASSETCATALOG_COMPILER_APPICON_NAME = AppIcon;
				CODE_SIGN_STYLE = Automatic;
				INFOPLIST_FILE = Restfull/Info.plist;
				LD_RUNPATH_SEARCH_PATHS = "$(inherited) @executable_path/Frameworks";
				PRODUCT_BUNDLE_IDENTIFIER = com.thienquang.Restfull;
				PRODUCT_NAME = "$(TARGET_NAME)";
				SWIFT_VERSION = 4.0;
				TARGETED_DEVICE_FAMILY = "1,2";
			};
			name = Debug;
		};
		DD934EF62079D6B300A24928 /* Release */ = {
			isa = XCBuildConfiguration;
			buildSettings = {
				ASSETCATALOG_COMPILER_APPICON_NAME = AppIcon;
				CODE_SIGN_STYLE = Automatic;
				INFOPLIST_FILE = Restfull/Info.plist;
				LD_RUNPATH_SEARCH_PATHS = "$(inherited) @executable_path/Frameworks";
				PRODUCT_BUNDLE_IDENTIFIER = com.thienquang.Restfull;
				PRODUCT_NAME = "$(TARGET_NAME)";
				SWIFT_VERSION = 4.0;
				TARGETED_DEVICE_FAMILY = "1,2";
			};
			name = Release;
		};
		DD934EF82079D6B300A24928 /* Debug */ = {
			isa = XCBuildConfiguration;
			buildSettings = {
				ALWAYS_EMBED_SWIFT_STANDARD_LIBRARIES = YES;
				BUNDLE_LOADER = "$(TEST_HOST)";
				CODE_SIGN_STYLE = Automatic;
				INFOPLIST_FILE = RestfullTests/Info.plist;
				LD_RUNPATH_SEARCH_PATHS = "$(inherited) @executable_path/Frameworks @loader_path/Frameworks";
				PRODUCT_BUNDLE_IDENTIFIER = com.thienquang.RestfullTests;
				PRODUCT_NAME = "$(TARGET_NAME)";
				SWIFT_VERSION = 4.0;
				TARGETED_DEVICE_FAMILY = "1,2";
				TEST_HOST = "$(BUILT_PRODUCTS_DIR)/Restfull.app/Restfull";
			};
			name = Debug;
		};
		DD934EF92079D6B300A24928 /* Release */ = {
			isa = XCBuildConfiguration;
			buildSettings = {
				ALWAYS_EMBED_SWIFT_STANDARD_LIBRARIES = YES;
				BUNDLE_LOADER = "$(TEST_HOST)";
				CODE_SIGN_STYLE = Automatic;
				INFOPLIST_FILE = RestfullTests/Info.plist;
				LD_RUNPATH_SEARCH_PATHS = "$(inherited) @executable_path/Frameworks @loader_path/Frameworks";
				PRODUCT_BUNDLE_IDENTIFIER = com.thienquang.RestfullTests;
				PRODUCT_NAME = "$(TARGET_NAME)";
				SWIFT_VERSION = 4.0;
				TARGETED_DEVICE_FAMILY = "1,2";
				TEST_HOST = "$(BUILT_PRODUCTS_DIR)/Restfull.app/Restfull";
			};
			name = Release;
		};
/* End XCBuildConfiguration section */

/* Begin XCConfigurationList section */
		DD934ED22079D6B300A24928 /* Build configuration list for PBXProject "Restfull" */ = {
			isa = XCConfigurationList;
			buildConfigurations = (
				DD934EF22079D6B300A24928 /* Debug */,
				DD934EF32079D6B300A24928 /* Release */,
			);
			defaultConfigurationIsVisible = 0;
			defaultConfigurationName = Release;
		};
		DD934EF42079D6B300A24928 /* Build configuration list for PBXNativeTarget "Restfull" */ = {
			isa = XCConfigurationList;
			buildConfigurations = (
				DD934EF52079D6B300A24928 /* Debug */,
				DD934EF62079D6B300A24928 /* Release */,
			);
			defaultConfigurationIsVisible = 0;
			defaultConfigurationName = Release;
		};
		DD934EF72079D6B300A24928 /* Build configuration list for PBXNativeTarget "RestfullTests" */ = {
			isa = XCConfigurationList;
			buildConfigurations = (
				DD934EF82079D6B300A24928 /* Debug */,
				DD934EF92079D6B300A24928 /* Release */,
			);
			defaultConfigurationIsVisible = 0;
			defaultConfigurationName = Release;
		};
/* End XCConfigurationList section */
	};
	rootObject = DD934ECF2079D6B300A24928 /* Project object */;
}
